// !$*UTF8*$!
{
	archiveVersion = 1;
	classes = {
	};
	objectVersion = 50;
	objects = {

/* Begin PBXBuildFile section */
		FE178FA023770C9200B4E24E /* TutorialScene.swift in Sources */ = {isa = PBXBuildFile; fileRef = FE178F9F23770C9200B4E24E /* TutorialScene.swift */; };
		FE178FA823770F5000B4E24E /* AudioKit.framework in Frameworks */ = {isa = PBXBuildFile; fileRef = FE178FA523770F4900B4E24E /* AudioKit.framework */; };
		FE178FA923770F5000B4E24E /* AudioKit.framework in Embed Frameworks */ = {isa = PBXBuildFile; fileRef = FE178FA523770F4900B4E24E /* AudioKit.framework */; settings = {ATTRIBUTES = (CodeSignOnCopy, RemoveHeadersOnCopy, ); }; };
		FE178FAA23770F5000B4E24E /* AudioKitUI.framework in Frameworks */ = {isa = PBXBuildFile; fileRef = FE178FA423770F4300B4E24E /* AudioKitUI.framework */; };
		FE178FAB23770F5000B4E24E /* AudioKitUI.framework in Embed Frameworks */ = {isa = PBXBuildFile; fileRef = FE178FA423770F4300B4E24E /* AudioKitUI.framework */; settings = {ATTRIBUTES = (CodeSignOnCopy, RemoveHeadersOnCopy, ); }; };
		FE178FB223770FFC00B4E24E /* BlueOrb.swift in Sources */ = {isa = PBXBuildFile; fileRef = FE178FAE23770FFC00B4E24E /* BlueOrb.swift */; };
		FE178FB323770FFC00B4E24E /* RedOrb.swift in Sources */ = {isa = PBXBuildFile; fileRef = FE178FAF23770FFC00B4E24E /* RedOrb.swift */; };
		FE178FB423770FFC00B4E24E /* PurpleOrb.swift in Sources */ = {isa = PBXBuildFile; fileRef = FE178FB023770FFC00B4E24E /* PurpleOrb.swift */; };
		FE178FB523770FFC00B4E24E /* Orb.swift in Sources */ = {isa = PBXBuildFile; fileRef = FE178FB123770FFC00B4E24E /* Orb.swift */; };
		FE178FB92377102100B4E24E /* AudioManager.swift in Sources */ = {isa = PBXBuildFile; fileRef = FE178FB72377102100B4E24E /* AudioManager.swift */; };
		FE178FBA2377102100B4E24E /* OrbSynth.swift in Sources */ = {isa = PBXBuildFile; fileRef = FE178FB82377102100B4E24E /* OrbSynth.swift */; };
		FE3C0A0123746BD600DB8F0D /* AppDelegate.swift in Sources */ = {isa = PBXBuildFile; fileRef = FE3C0A0023746BD600DB8F0D /* AppDelegate.swift */; };
		FE3C0A0323746BD600DB8F0D /* SandboxScene.sks in Resources */ = {isa = PBXBuildFile; fileRef = FE3C0A0223746BD600DB8F0D /* SandboxScene.sks */; };
		FE3C0A0523746BD600DB8F0D /* Actions.sks in Resources */ = {isa = PBXBuildFile; fileRef = FE3C0A0423746BD600DB8F0D /* Actions.sks */; };
		FE3C0A0923746BD600DB8F0D /* GameViewController.swift in Sources */ = {isa = PBXBuildFile; fileRef = FE3C0A0823746BD600DB8F0D /* GameViewController.swift */; };
		FE3C0A0C23746BD600DB8F0D /* Main.storyboard in Resources */ = {isa = PBXBuildFile; fileRef = FE3C0A0A23746BD600DB8F0D /* Main.storyboard */; };
		FE3C0A0E23746BD600DB8F0D /* Assets.xcassets in Resources */ = {isa = PBXBuildFile; fileRef = FE3C0A0D23746BD600DB8F0D /* Assets.xcassets */; };
		FE3C0A1123746BD700DB8F0D /* LaunchScreen.storyboard in Resources */ = {isa = PBXBuildFile; fileRef = FE3C0A0F23746BD700DB8F0D /* LaunchScreen.storyboard */; };
		FE5F008A2374E7530065353C /* SandboxScene.swift in Sources */ = {isa = PBXBuildFile; fileRef = FE5F00892374E7530065353C /* SandboxScene.swift */; };
		FE800A9223749C4D00053CE6 /* MenuScene.sks in Resources */ = {isa = PBXBuildFile; fileRef = FE800A9123749C4D00053CE6 /* MenuScene.sks */; };
		FE800A942374A4AE00053CE6 /* MenuScene.swift in Sources */ = {isa = PBXBuildFile; fileRef = FE800A932374A4AE00053CE6 /* MenuScene.swift */; };
/* End PBXBuildFile section */

/* Begin PBXCopyFilesBuildPhase section */
		FE178FAC23770F5000B4E24E /* Embed Frameworks */ = {
			isa = PBXCopyFilesBuildPhase;
			buildActionMask = 2147483647;
			dstPath = "";
			dstSubfolderSpec = 10;
			files = (
				FE178FAB23770F5000B4E24E /* AudioKitUI.framework in Embed Frameworks */,
				FE178FA923770F5000B4E24E /* AudioKit.framework in Embed Frameworks */,
			);
			name = "Embed Frameworks";
			runOnlyForDeploymentPostprocessing = 0;
		};
/* End PBXCopyFilesBuildPhase section */

/* Begin PBXFileReference section */
		FE178F9F23770C9200B4E24E /* TutorialScene.swift */ = {isa = PBXFileReference; lastKnownFileType = sourcecode.swift; path = TutorialScene.swift; sourceTree = "<group>"; };
		FE178FA423770F4300B4E24E /* AudioKitUI.framework */ = {isa = PBXFileReference; lastKnownFileType = wrapper.framework; path = AudioKitUI.framework; sourceTree = "<group>"; };
		FE178FA523770F4900B4E24E /* AudioKit.framework */ = {isa = PBXFileReference; lastKnownFileType = wrapper.framework; path = AudioKit.framework; sourceTree = "<group>"; };
		FE178FAE23770FFC00B4E24E /* BlueOrb.swift */ = {isa = PBXFileReference; fileEncoding = 4; lastKnownFileType = sourcecode.swift; path = BlueOrb.swift; sourceTree = "<group>"; };
		FE178FAF23770FFC00B4E24E /* RedOrb.swift */ = {isa = PBXFileReference; fileEncoding = 4; lastKnownFileType = sourcecode.swift; path = RedOrb.swift; sourceTree = "<group>"; };
		FE178FB023770FFC00B4E24E /* PurpleOrb.swift */ = {isa = PBXFileReference; fileEncoding = 4; lastKnownFileType = sourcecode.swift; path = PurpleOrb.swift; sourceTree = "<group>"; };
		FE178FB123770FFC00B4E24E /* Orb.swift */ = {isa = PBXFileReference; fileEncoding = 4; lastKnownFileType = sourcecode.swift; path = Orb.swift; sourceTree = "<group>"; };
		FE178FB72377102100B4E24E /* AudioManager.swift */ = {isa = PBXFileReference; fileEncoding = 4; lastKnownFileType = sourcecode.swift; path = AudioManager.swift; sourceTree = "<group>"; };
		FE178FB82377102100B4E24E /* OrbSynth.swift */ = {isa = PBXFileReference; fileEncoding = 4; lastKnownFileType = sourcecode.swift; path = OrbSynth.swift; sourceTree = "<group>"; };
		FE3C09FD23746BD600DB8F0D /* Circles.app */ = {isa = PBXFileReference; explicitFileType = wrapper.application; includeInIndex = 0; path = Circles.app; sourceTree = BUILT_PRODUCTS_DIR; };
		FE3C0A0023746BD600DB8F0D /* AppDelegate.swift */ = {isa = PBXFileReference; lastKnownFileType = sourcecode.swift; path = AppDelegate.swift; sourceTree = "<group>"; };
		FE3C0A0223746BD600DB8F0D /* SandboxScene.sks */ = {isa = PBXFileReference; lastKnownFileType = file.sks; path = SandboxScene.sks; sourceTree = "<group>"; };
		FE3C0A0423746BD600DB8F0D /* Actions.sks */ = {isa = PBXFileReference; lastKnownFileType = file.sks; path = Actions.sks; sourceTree = "<group>"; };
		FE3C0A0823746BD600DB8F0D /* GameViewController.swift */ = {isa = PBXFileReference; lastKnownFileType = sourcecode.swift; path = GameViewController.swift; sourceTree = "<group>"; };
		FE3C0A0B23746BD600DB8F0D /* Base */ = {isa = PBXFileReference; lastKnownFileType = file.storyboard; name = Base; path = Base.lproj/Main.storyboard; sourceTree = "<group>"; };
		FE3C0A0D23746BD600DB8F0D /* Assets.xcassets */ = {isa = PBXFileReference; lastKnownFileType = folder.assetcatalog; path = Assets.xcassets; sourceTree = "<group>"; };
		FE3C0A1023746BD700DB8F0D /* Base */ = {isa = PBXFileReference; lastKnownFileType = file.storyboard; name = Base; path = Base.lproj/LaunchScreen.storyboard; sourceTree = "<group>"; };
		FE3C0A1223746BD700DB8F0D /* Info.plist */ = {isa = PBXFileReference; lastKnownFileType = text.plist.xml; path = Info.plist; sourceTree = "<group>"; };
		FE5F00892374E7530065353C /* SandboxScene.swift */ = {isa = PBXFileReference; lastKnownFileType = sourcecode.swift; path = SandboxScene.swift; sourceTree = "<group>"; };
		FE800A9123749C4D00053CE6 /* MenuScene.sks */ = {isa = PBXFileReference; lastKnownFileType = file.sks; path = MenuScene.sks; sourceTree = "<group>"; };
		FE800A932374A4AE00053CE6 /* MenuScene.swift */ = {isa = PBXFileReference; lastKnownFileType = sourcecode.swift; path = MenuScene.swift; sourceTree = "<group>"; };
/* End PBXFileReference section */

/* Begin PBXFrameworksBuildPhase section */
		FE3C09FA23746BD600DB8F0D /* Frameworks */ = {
			isa = PBXFrameworksBuildPhase;
			buildActionMask = 2147483647;
			files = (
				FE178FAA23770F5000B4E24E /* AudioKitUI.framework in Frameworks */,
				FE178FA823770F5000B4E24E /* AudioKit.framework in Frameworks */,
			);
			runOnlyForDeploymentPostprocessing = 0;
		};
/* End PBXFrameworksBuildPhase section */

/* Begin PBXGroup section */
		FE178FA323770CD800B4E24E /* Scenes */ = {
			isa = PBXGroup;
			children = (
				FE800A932374A4AE00053CE6 /* MenuScene.swift */,
				FE800A9123749C4D00053CE6 /* MenuScene.sks */,
				FE5F00892374E7530065353C /* SandboxScene.swift */,
				FE3C0A0223746BD600DB8F0D /* SandboxScene.sks */,
				FE178F9F23770C9200B4E24E /* TutorialScene.swift */,
			);
			path = Scenes;
			sourceTree = "<group>";
		};
		FE178FAD23770FFC00B4E24E /* Orbs */ = {
			isa = PBXGroup;
			children = (
				FE178FAE23770FFC00B4E24E /* BlueOrb.swift */,
				FE178FB023770FFC00B4E24E /* PurpleOrb.swift */,
				FE178FAF23770FFC00B4E24E /* RedOrb.swift */,
				FE178FB123770FFC00B4E24E /* Orb.swift */,
			);
			path = Orbs;
			sourceTree = "<group>";
		};
		FE178FB62377102100B4E24E /* Audio */ = {
			isa = PBXGroup;
			children = (
				FE178FB72377102100B4E24E /* AudioManager.swift */,
				FE178FB82377102100B4E24E /* OrbSynth.swift */,
			);
			path = Audio;
			sourceTree = "<group>";
		};
		FE3C09F423746BD600DB8F0D = {
			isa = PBXGroup;
			children = (
				FE178FA523770F4900B4E24E /* AudioKit.framework */,
				FE178FA423770F4300B4E24E /* AudioKitUI.framework */,
				FE3C09FF23746BD600DB8F0D /* Circles */,
				FE3C09FE23746BD600DB8F0D /* Products */,
			);
			sourceTree = "<group>";
		};
		FE3C09FE23746BD600DB8F0D /* Products */ = {
			isa = PBXGroup;
			children = (
				FE3C09FD23746BD600DB8F0D /* Circles.app */,
			);
			name = Products;
			sourceTree = "<group>";
		};
		FE3C09FF23746BD600DB8F0D /* Circles */ = {
			isa = PBXGroup;
			children = (
				FE3C0A0023746BD600DB8F0D /* AppDelegate.swift */,
				FE3C0A0823746BD600DB8F0D /* GameViewController.swift */,
				FE3C0A0423746BD600DB8F0D /* Actions.sks */,
				FE3C0A0F23746BD700DB8F0D /* LaunchScreen.storyboard */,
				FE3C0A0A23746BD600DB8F0D /* Main.storyboard */,
				FE178FA323770CD800B4E24E /* Scenes */,
				FE178FB62377102100B4E24E /* Audio */,
				FE178FAD23770FFC00B4E24E /* Orbs */,
				FE3C0A0D23746BD600DB8F0D /* Assets.xcassets */,
				FE3C0A1223746BD700DB8F0D /* Info.plist */,
			);
			path = Circles;
			sourceTree = "<group>";
		};
/* End PBXGroup section */

/* Begin PBXNativeTarget section */
		FE3C09FC23746BD600DB8F0D /* Circles */ = {
			isa = PBXNativeTarget;
			buildConfigurationList = FE3C0A1523746BD700DB8F0D /* Build configuration list for PBXNativeTarget "Circles" */;
			buildPhases = (
				FE3C09F923746BD600DB8F0D /* Sources */,
				FE3C09FA23746BD600DB8F0D /* Frameworks */,
				FE3C09FB23746BD600DB8F0D /* Resources */,
				FE178FAC23770F5000B4E24E /* Embed Frameworks */,
			);
			buildRules = (
			);
			dependencies = (
			);
			name = Circles;
			productName = Circles;
			productReference = FE3C09FD23746BD600DB8F0D /* Circles.app */;
			productType = "com.apple.product-type.application";
		};
/* End PBXNativeTarget section */

/* Begin PBXProject section */
		FE3C09F523746BD600DB8F0D /* Project object */ = {
			isa = PBXProject;
			attributes = {
				LastSwiftUpdateCheck = 1030;
				LastUpgradeCheck = 1030;
				ORGANIZATIONNAME = "Oliver Still";
				TargetAttributes = {
					FE3C09FC23746BD600DB8F0D = {
						CreatedOnToolsVersion = 10.3;
					};
				};
			};
			buildConfigurationList = FE3C09F823746BD600DB8F0D /* Build configuration list for PBXProject "Circles" */;
			compatibilityVersion = "Xcode 9.3";
			developmentRegion = en;
			hasScannedForEncodings = 0;
			knownRegions = (
				en,
				Base,
			);
			mainGroup = FE3C09F423746BD600DB8F0D;
			productRefGroup = FE3C09FE23746BD600DB8F0D /* Products */;
			projectDirPath = "";
			projectRoot = "";
			targets = (
				FE3C09FC23746BD600DB8F0D /* Circles */,
			);
		};
/* End PBXProject section */

/* Begin PBXResourcesBuildPhase section */
		FE3C09FB23746BD600DB8F0D /* Resources */ = {
			isa = PBXResourcesBuildPhase;
			buildActionMask = 2147483647;
			files = (
				FE3C0A0C23746BD600DB8F0D /* Main.storyboard in Resources */,
				FE800A9223749C4D00053CE6 /* MenuScene.sks in Resources */,
				FE3C0A0323746BD600DB8F0D /* SandboxScene.sks in Resources */,
				FE3C0A0E23746BD600DB8F0D /* Assets.xcassets in Resources */,
				FE3C0A1123746BD700DB8F0D /* LaunchScreen.storyboard in Resources */,
				FE3C0A0523746BD600DB8F0D /* Actions.sks in Resources */,
			);
			runOnlyForDeploymentPostprocessing = 0;
		};
/* End PBXResourcesBuildPhase section */

/* Begin PBXSourcesBuildPhase section */
		FE3C09F923746BD600DB8F0D /* Sources */ = {
			isa = PBXSourcesBuildPhase;
			buildActionMask = 2147483647;
			files = (
				FE800A942374A4AE00053CE6 /* MenuScene.swift in Sources */,
				FE3C0A0923746BD600DB8F0D /* GameViewController.swift in Sources */,
				FE178FB523770FFC00B4E24E /* Orb.swift in Sources */,
				FE178FB223770FFC00B4E24E /* BlueOrb.swift in Sources */,
				FE5F008A2374E7530065353C /* SandboxScene.swift in Sources */,
				FE178FBA2377102100B4E24E /* OrbSynth.swift in Sources */,
				FE178FB323770FFC00B4E24E /* RedOrb.swift in Sources */,
				FE178FA023770C9200B4E24E /* TutorialScene.swift in Sources */,
				FE3C0A0123746BD600DB8F0D /* AppDelegate.swift in Sources */,
				FE178FB92377102100B4E24E /* AudioManager.swift in Sources */,
				FE178FB423770FFC00B4E24E /* PurpleOrb.swift in Sources */,
			);
			runOnlyForDeploymentPostprocessing = 0;
		};
/* End PBXSourcesBuildPhase section */

/* Begin PBXVariantGroup section */
		FE3C0A0A23746BD600DB8F0D /* Main.storyboard */ = {
			isa = PBXVariantGroup;
			children = (
				FE3C0A0B23746BD600DB8F0D /* Base */,
			);
			name = Main.storyboard;
			sourceTree = "<group>";
		};
		FE3C0A0F23746BD700DB8F0D /* LaunchScreen.storyboard */ = {
			isa = PBXVariantGroup;
			children = (
				FE3C0A1023746BD700DB8F0D /* Base */,
			);
			name = LaunchScreen.storyboard;
			sourceTree = "<group>";
		};
/* End PBXVariantGroup section */

/* Begin XCBuildConfiguration section */
		FE3C0A1323746BD700DB8F0D /* Debug */ = {
			isa = XCBuildConfiguration;
			buildSettings = {
				ALWAYS_SEARCH_USER_PATHS = NO;
				CLANG_ANALYZER_NONNULL = YES;
				CLANG_ANALYZER_NUMBER_OBJECT_CONVERSION = YES_AGGRESSIVE;
				CLANG_CXX_LANGUAGE_STANDARD = "gnu++14";
				CLANG_CXX_LIBRARY = "libc++";
				CLANG_ENABLE_MODULES = YES;
				CLANG_ENABLE_OBJC_ARC = YES;
				CLANG_ENABLE_OBJC_WEAK = YES;
				CLANG_WARN_BLOCK_CAPTURE_AUTORELEASING = YES;
				CLANG_WARN_BOOL_CONVERSION = YES;
				CLANG_WARN_COMMA = YES;
				CLANG_WARN_CONSTANT_CONVERSION = YES;
				CLANG_WARN_DEPRECATED_OBJC_IMPLEMENTATIONS = YES;
				CLANG_WARN_DIRECT_OBJC_ISA_USAGE = YES_ERROR;
				CLANG_WARN_DOCUMENTATION_COMMENTS = YES;
				CLANG_WARN_EMPTY_BODY = YES;
				CLANG_WARN_ENUM_CONVERSION = YES;
				CLANG_WARN_INFINITE_RECURSION = YES;
				CLANG_WARN_INT_CONVERSION = YES;
				CLANG_WARN_NON_LITERAL_NULL_CONVERSION = YES;
				CLANG_WARN_OBJC_IMPLICIT_RETAIN_SELF = YES;
				CLANG_WARN_OBJC_LITERAL_CONVERSION = YES;
				CLANG_WARN_OBJC_ROOT_CLASS = YES_ERROR;
				CLANG_WARN_RANGE_LOOP_ANALYSIS = YES;
				CLANG_WARN_STRICT_PROTOTYPES = YES;
				CLANG_WARN_SUSPICIOUS_MOVE = YES;
				CLANG_WARN_UNGUARDED_AVAILABILITY = YES_AGGRESSIVE;
				CLANG_WARN_UNREACHABLE_CODE = YES;
				CLANG_WARN__DUPLICATE_METHOD_MATCH = YES;
				CODE_SIGN_IDENTITY = "iPhone Developer";
				COPY_PHASE_STRIP = NO;
				DEBUG_INFORMATION_FORMAT = dwarf;
				ENABLE_STRICT_OBJC_MSGSEND = YES;
				ENABLE_TESTABILITY = YES;
				GCC_C_LANGUAGE_STANDARD = gnu11;
				GCC_DYNAMIC_NO_PIC = NO;
				GCC_NO_COMMON_BLOCKS = YES;
				GCC_OPTIMIZATION_LEVEL = 0;
				GCC_PREPROCESSOR_DEFINITIONS = (
					"DEBUG=1",
					"$(inherited)",
				);
				GCC_WARN_64_TO_32_BIT_CONVERSION = YES;
				GCC_WARN_ABOUT_RETURN_TYPE = YES_ERROR;
				GCC_WARN_UNDECLARED_SELECTOR = YES;
				GCC_WARN_UNINITIALIZED_AUTOS = YES_AGGRESSIVE;
				GCC_WARN_UNUSED_FUNCTION = YES;
				GCC_WARN_UNUSED_VARIABLE = YES;
				IPHONEOS_DEPLOYMENT_TARGET = 12.4;
				MTL_ENABLE_DEBUG_INFO = INCLUDE_SOURCE;
				MTL_FAST_MATH = YES;
				ONLY_ACTIVE_ARCH = YES;
				SDKROOT = iphoneos;
				SWIFT_ACTIVE_COMPILATION_CONDITIONS = DEBUG;
				SWIFT_OPTIMIZATION_LEVEL = "-Onone";
			};
			name = Debug;
		};
		FE3C0A1423746BD700DB8F0D /* Release */ = {
			isa = XCBuildConfiguration;
			buildSettings = {
				ALWAYS_SEARCH_USER_PATHS = NO;
				CLANG_ANALYZER_NONNULL = YES;
				CLANG_ANALYZER_NUMBER_OBJECT_CONVERSION = YES_AGGRESSIVE;
				CLANG_CXX_LANGUAGE_STANDARD = "gnu++14";
				CLANG_CXX_LIBRARY = "libc++";
				CLANG_ENABLE_MODULES = YES;
				CLANG_ENABLE_OBJC_ARC = YES;
				CLANG_ENABLE_OBJC_WEAK = YES;
				CLANG_WARN_BLOCK_CAPTURE_AUTORELEASING = YES;
				CLANG_WARN_BOOL_CONVERSION = YES;
				CLANG_WARN_COMMA = YES;
				CLANG_WARN_CONSTANT_CONVERSION = YES;
				CLANG_WARN_DEPRECATED_OBJC_IMPLEMENTATIONS = YES;
				CLANG_WARN_DIRECT_OBJC_ISA_USAGE = YES_ERROR;
				CLANG_WARN_DOCUMENTATION_COMMENTS = YES;
				CLANG_WARN_EMPTY_BODY = YES;
				CLANG_WARN_ENUM_CONVERSION = YES;
				CLANG_WARN_INFINITE_RECURSION = YES;
				CLANG_WARN_INT_CONVERSION = YES;
				CLANG_WARN_NON_LITERAL_NULL_CONVERSION = YES;
				CLANG_WARN_OBJC_IMPLICIT_RETAIN_SELF = YES;
				CLANG_WARN_OBJC_LITERAL_CONVERSION = YES;
				CLANG_WARN_OBJC_ROOT_CLASS = YES_ERROR;
				CLANG_WARN_RANGE_LOOP_ANALYSIS = YES;
				CLANG_WARN_STRICT_PROTOTYPES = YES;
				CLANG_WARN_SUSPICIOUS_MOVE = YES;
				CLANG_WARN_UNGUARDED_AVAILABILITY = YES_AGGRESSIVE;
				CLANG_WARN_UNREACHABLE_CODE = YES;
				CLANG_WARN__DUPLICATE_METHOD_MATCH = YES;
				CODE_SIGN_IDENTITY = "iPhone Developer";
				COPY_PHASE_STRIP = NO;
				DEBUG_INFORMATION_FORMAT = "dwarf-with-dsym";
				ENABLE_NS_ASSERTIONS = NO;
				ENABLE_STRICT_OBJC_MSGSEND = YES;
				GCC_C_LANGUAGE_STANDARD = gnu11;
				GCC_NO_COMMON_BLOCKS = YES;
				GCC_WARN_64_TO_32_BIT_CONVERSION = YES;
				GCC_WARN_ABOUT_RETURN_TYPE = YES_ERROR;
				GCC_WARN_UNDECLARED_SELECTOR = YES;
				GCC_WARN_UNINITIALIZED_AUTOS = YES_AGGRESSIVE;
				GCC_WARN_UNUSED_FUNCTION = YES;
				GCC_WARN_UNUSED_VARIABLE = YES;
				IPHONEOS_DEPLOYMENT_TARGET = 12.4;
				MTL_ENABLE_DEBUG_INFO = NO;
				MTL_FAST_MATH = YES;
				SDKROOT = iphoneos;
				SWIFT_COMPILATION_MODE = wholemodule;
				SWIFT_OPTIMIZATION_LEVEL = "-O";
				VALIDATE_PRODUCT = YES;
			};
			name = Release;
		};
		FE3C0A1623746BD700DB8F0D /* Debug */ = {
			isa = XCBuildConfiguration;
			buildSettings = {
				ASSETCATALOG_COMPILER_APPICON_NAME = AppIcon;
				CODE_SIGN_STYLE = Automatic;
				DEVELOPMENT_TEAM = 2LZ39NG4RS;
				FRAMEWORK_SEARCH_PATHS = (
					"$(inherited)",
					"$(PROJECT_DIR)",
				);
				INFOPLIST_FILE = Circles/Info.plist;
				LD_RUNPATH_SEARCH_PATHS = (
					"$(inherited)",
					"@executable_path/Frameworks",
				);
				OTHER_LDFLAGS = "-lstdc++";
				PRODUCT_BUNDLE_IDENTIFIER = Y3857872.Circles;
				PRODUCT_NAME = "$(TARGET_NAME)";
				SWIFT_VERSION = 5.0;
				TARGETED_DEVICE_FAMILY = "1,2";
			};
			name = Debug;
		};
		FE3C0A1723746BD700DB8F0D /* Release */ = {
			isa = XCBuildConfiguration;
			buildSettings = {
				ASSETCATALOG_COMPILER_APPICON_NAME = AppIcon;
				CODE_SIGN_STYLE = Automatic;
				DEVELOPMENT_TEAM = 2LZ39NG4RS;
				FRAMEWORK_SEARCH_PATHS = (
					"$(inherited)",
					"$(PROJECT_DIR)",
				);
				INFOPLIST_FILE = Circles/Info.plist;
				LD_RUNPATH_SEARCH_PATHS = (
					"$(inherited)",
					"@executable_path/Frameworks",
				);
				OTHER_LDFLAGS = "-lstdc++";
				PRODUCT_BUNDLE_IDENTIFIER = Y3857872.Circles;
				PRODUCT_NAME = "$(TARGET_NAME)";
				SWIFT_VERSION = 5.0;
				TARGETED_DEVICE_FAMILY = "1,2";
			};
			name = Release;
		};
/* End XCBuildConfiguration section */

/* Begin XCConfigurationList section */
		FE3C09F823746BD600DB8F0D /* Build configuration list for PBXProject "Circles" */ = {
			isa = XCConfigurationList;
			buildConfigurations = (
				FE3C0A1323746BD700DB8F0D /* Debug */,
				FE3C0A1423746BD700DB8F0D /* Release */,
			);
			defaultConfigurationIsVisible = 0;
			defaultConfigurationName = Release;
		};
		FE3C0A1523746BD700DB8F0D /* Build configuration list for PBXNativeTarget "Circles" */ = {
			isa = XCConfigurationList;
			buildConfigurations = (
				FE3C0A1623746BD700DB8F0D /* Debug */,
				FE3C0A1723746BD700DB8F0D /* Release */,
			);
			defaultConfigurationIsVisible = 0;
			defaultConfigurationName = Release;
		};
/* End XCConfigurationList section */
	};
	rootObject = FE3C09F523746BD600DB8F0D /* Project object */;
}
